# This file is automatically @generated by Cargo.
# It is not intended for manual editing.
version = 4

[[package]]
name = "memchr"
version = "2.8.3"
source = "registry+https://github.com/rust-lang/crates.io-index"
checksum = "cf8baf1c55e62ffcace7a9f06f4bd9cd3f0c4beb022d3b367256b91b87513d98"

[[package]]
name = "rdf-winnow"
version = "0.1.0"
dependencies = [
 "rhusky",
 "winnow",
]

[[package]]
name = "rhusky"
version = "0.0.6"
source = "registry+https://github.com/rust-lang/crates.io-index"
checksum = "bd58f5095f1eaaee85441008005db48773976f5bb85bedd35d6cf3f04db8ec4b"

[[package]]
name = "winnow"
version = "1.0.4"
source = "registry+https://github.com/rust-lang/crates.io-index"
checksum = "23b97319f7b8343df12cc98938e5c3eb436064524c8d2b4e30a1d3a36eecdf81"
dependencies = [
 "memchr",
]
